
Microsoft Visual Studio Solution File, Format Version 12.00
# Visual Studio Version 17
VisualStudioVersion = 17.11.35219.272
MinimumVisualStudioVersion = 10.0.40219.1
Project("{FAE04EC0-301F-11D3-BF4B-00C04F79EFBC}") = "ConsoleApp3", "ConsoleApp3\ConsoleApp3.csproj", "{A69E425A-4425-45E2-834A-8F1B69B65BC0}"
EndProject
Global
	GlobalSection(SolutionConfigurationPlatforms) = preSolution
		Debug|Any CPU = Debug|Any CPU
		Release|Any CPU = Release|Any CPU
	EndGlobalSection
	GlobalSection(ProjectConfigurationPlatforms) = postSolution
		{A69E425A-4425-45E2-834A-8F1B69B65BC0}.Debug|Any CPU.ActiveCfg = Debug|Any CPU
		{A69E425A-4425-45E2-834A-8F1B69B65BC0}.Debug|Any CPU.Build.0 = Debug|Any CPU
		{A69E425A-4425-45E2-834A-8F1B69B65BC0}.Release|Any CPU.ActiveCfg = Release|Any CPU
		{A69E425A-4425-45E2-834A-8F1B69B65BC0}.Release|Any CPU.Build.0 = Release|Any CPU
	EndGlobalSection
	GlobalSection(SolutionProperties) = preSolution
		HideSolutionNode = FALSE
	EndGlobalSection
	GlobalSection(ExtensibilityGlobals) = postSolution
		SolutionGuid = {E6EEF410-8129-4716-900A-696340CFC33B}
	EndGlobalSection
EndGlobal
